
Microsoft Visual Studio Solution File, Format Version 12.00
# Visual Studio Version 16
VisualStudioVersion = 16.0.32002.261
MinimumVisualStudioVersion = 10.0.40219.1
Project("{9A19103F-16F7-4668-BE54-9A1E7A4F7556}") = "KnAutoCommiter", "KnAutoCommiter.csproj", "{7DD29246-94F5-4383-B6A2-72C5CC5FD0E3}"
EndProject
Project("{FAE04EC0-301F-11D3-BF4B-00C04F79EFBC}") = "KnAutoCommiterRunner", "..\KnAutoCommiterRunner\KnAutoCommiterRunner.csproj", "{FD997CBD-1B62-4957-8F5D-3F7BE4B411A6}"
EndProject
Global
	GlobalSection(SolutionConfigurationPlatforms) = preSolution
		Debug|Any CPU = Debug|Any CPU
		Release|Any CPU = Release|Any CPU
	EndGlobalSection
	GlobalSection(ProjectConfigurationPlatforms) = postSolution
		{7DD29246-94F5-4383-B6A2-72C5CC5FD0E3}.Debug|Any CPU.ActiveCfg = Debug|Any CPU
		{7DD29246-94F5-4383-B6A2-72C5CC5FD0E3}.Debug|Any CPU.Build.0 = Debug|Any CPU
		{7DD29246-94F5-4383-B6A2-72C5CC5FD0E3}.Release|Any CPU.ActiveCfg = Release|Any CPU
		{7DD29246-94F5-4383-B6A2-72C5CC5FD0E3}.Release|Any CPU.Build.0 = Release|Any CPU
		{FD997CBD-1B62-4957-8F5D-3F7BE4B411A6}.Debug|Any CPU.ActiveCfg = Debug|Any CPU
		{FD997CBD-1B62-4957-8F5D-3F7BE4B411A6}.Debug|Any CPU.Build.0 = Debug|Any CPU
		{FD997CBD-1B62-4957-8F5D-3F7BE4B411A6}.Release|Any CPU.ActiveCfg = Release|Any CPU
		{FD997CBD-1B62-4957-8F5D-3F7BE4B411A6}.Release|Any CPU.Build.0 = Release|Any CPU
	EndGlobalSection
	GlobalSection(SolutionProperties) = preSolution
		HideSolutionNode = FALSE
	EndGlobalSection
	GlobalSection(ExtensibilityGlobals) = postSolution
		SolutionGuid = {96121379-D671-43EF-9355-BE4CFA255D7C}
	EndGlobalSection
EndGlobal
